
Microsoft Visual Studio Solution File, Format Version 12.00
Project("{FAE04EC0-301F-11D3-BF4B-00C04F79EFBC}") = "DesignPatterns", "DesignPatterns\DesignPatterns.csproj", "{CD425953-A96C-4EC7-BDE9-AD826F4CE4C5}"
EndProject
Project("{FAE04EC0-301F-11D3-BF4B-00C04F79EFBC}") = "DesignPatterns.Test", "DesignPatterns.Test\DesignPatterns.Test.csproj", "{14A9372C-348E-41B0-8E98-67361B95818D}"
EndProject
Global
	GlobalSection(SolutionConfigurationPlatforms) = preSolution
		Debug|Any CPU = Debug|Any CPU
		Release|Any CPU = Release|Any CPU
	EndGlobalSection
	GlobalSection(ProjectConfigurationPlatforms) = postSolution
		{CD425953-A96C-4EC7-BDE9-AD826F4CE4C5}.Debug|Any CPU.ActiveCfg = Debug|Any CPU
		{CD425953-A96C-4EC7-BDE9-AD826F4CE4C5}.Debug|Any CPU.Build.0 = Debug|Any CPU
		{CD425953-A96C-4EC7-BDE9-AD826F4CE4C5}.Release|Any CPU.ActiveCfg = Release|Any CPU
		{CD425953-A96C-4EC7-BDE9-AD826F4CE4C5}.Release|Any CPU.Build.0 = Release|Any CPU
		{14A9372C-348E-41B0-8E98-67361B95818D}.Debug|Any CPU.ActiveCfg = Debug|Any CPU
		{14A9372C-348E-41B0-8E98-67361B95818D}.Debug|Any CPU.Build.0 = Debug|Any CPU
		{14A9372C-348E-41B0-8E98-67361B95818D}.Release|Any CPU.ActiveCfg = Release|Any CPU
		{14A9372C-348E-41B0-8E98-67361B95818D}.Release|Any CPU.Build.0 = Release|Any CPU
	EndGlobalSection
EndGlobal
